{
  "name": "@assistant-ui/tsconfig",
  "version": "0.0.0",
  "lockfileVersion": 3,
  "requires": true,
  "packages": {
    "": {
      "name": "@assistant-ui/tsconfig",
      "version": "0.0.0",
      "dependencies": {
        "@tsconfig/strictest": "^2.0.5"
      }
    },
    "../../node_modules/.pnpm/@tsconfig+strictest@2.0.5/node_modules/@tsconfig/strictest": {
      "version": "2.0.5",
      "license": "MIT"
    },
    "node_modules/@tsconfig/strictest": {
      "resolved": "../../node_modules/.pnpm/@tsconfig+strictest@2.0.5/node_modules/@tsconfig/strictest",
      "link": true
    }
  }
}
